// !$*UTF8*$!
{
	archiveVersion = 1;
	classes = {
	};
	objectVersion = 50;
	objects = {

/* Begin PBXBuildFile section */
		058557BB273AAA24004C7B11 /* Assets.xcassets in Resources */ = {isa = PBXBuildFile; fileRef = 058557BA273AAA24004C7B11 /* Assets.xcassets */; };
		058557D9273AAEEB004C7B11 /* Preview Assets.xcassets in Resources */ = {isa = PBXBuildFile; fileRef = 058557D8273AAEEB004C7B11 /* Preview Assets.xcassets */; };
		2152FB042600AC8F00CF470E /* iOSApp.swift in Sources */ = {isa = PBXBuildFile; fileRef = 2152FB032600AC8F00CF470E /* iOSApp.swift */; };
		7555FF83242A565900829871 /* ContentView.swift in Sources */ = {isa = PBXBuildFile; fileRef = 7555FF82242A565900829871 /* ContentView.swift */; };
		C708D0C42AC3E22E00ECE707 /* sf_pro_display_medium.ttf in Resources */ = {isa = PBXBuildFile; fileRef = C708D0C12AC3E22E00ECE707 /* sf_pro_display_medium.ttf */; };
		C708D0C52AC3E22E00ECE707 /* sf_pro_display_bold.ttf in Resources */ = {isa = PBXBuildFile; fileRef = C708D0C22AC3E22E00ECE707 /* sf_pro_display_bold.ttf */; };
		C708D0C62AC3E22E00ECE707 /* sf_pro_display_reg.ttf in Resources */ = {isa = PBXBuildFile; fileRef = C708D0C32AC3E22E00ECE707 /* sf_pro_display_reg.ttf */; };
		C708D0CA2AC3E3D500ECE707 /* ColorExtension.swift in Sources */ = {isa = PBXBuildFile; fileRef = C708D0C92AC3E3D500ECE707 /* ColorExtension.swift */; };
		C708D0CC2AC3E50100ECE707 /* FontExtension.swift in Sources */ = {isa = PBXBuildFile; fileRef = C708D0CB2AC3E50100ECE707 /* FontExtension.swift */; };
		C7373D742B43B990009D9519 /* IosLoginViewModel.swift in Sources */ = {isa = PBXBuildFile; fileRef = C7373D732B43B990009D9519 /* IosLoginViewModel.swift */; };
		C7373D762B43B9C5009D9519 /* LoginScreen.swift in Sources */ = {isa = PBXBuildFile; fileRef = C7373D752B43B9C5009D9519 /* LoginScreen.swift */; };
		C7373D782B43BD6F009D9519 /* IosRegisterViewModel.swift in Sources */ = {isa = PBXBuildFile; fileRef = C7373D772B43BD6F009D9519 /* IosRegisterViewModel.swift */; };
		C7373D7A2B43BD8A009D9519 /* RegisterScreen.swift in Sources */ = {isa = PBXBuildFile; fileRef = C7373D792B43BD8A009D9519 /* RegisterScreen.swift */; };
		C74DE1792B427A1600E2EBB3 /* IosBoardingViewModel.swift in Sources */ = {isa = PBXBuildFile; fileRef = C74DE1782B427A1600E2EBB3 /* IosBoardingViewModel.swift */; };
		C74DE17B2B427A2F00E2EBB3 /* BoardingScreen.swift in Sources */ = {isa = PBXBuildFile; fileRef = C74DE17A2B427A2F00E2EBB3 /* BoardingScreen.swift */; };
		C74DE17E2B427ADE00E2EBB3 /* BoardingSection.swift in Sources */ = {isa = PBXBuildFile; fileRef = C74DE17D2B427ADE00E2EBB3 /* BoardingSection.swift */; };
		C74DE1802B42801400E2EBB3 /* BoardingPageTab.swift in Sources */ = {isa = PBXBuildFile; fileRef = C74DE17F2B42801400E2EBB3 /* BoardingPageTab.swift */; };
		C74FDA512B47EF3A001D732A /* SearchScreen.swift in Sources */ = {isa = PBXBuildFile; fileRef = C74FDA502B47EF3A001D732A /* SearchScreen.swift */; };
		C74FDA532B47EF42001D732A /* IosSearchViewModel.swift in Sources */ = {isa = PBXBuildFile; fileRef = C74FDA522B47EF42001D732A /* IosSearchViewModel.swift */; };
		C74FDA552B47F031001D732A /* IosSearchEvent.swift in Sources */ = {isa = PBXBuildFile; fileRef = C74FDA542B47F031001D732A /* IosSearchEvent.swift */; };
		C74FDA572B47F096001D732A /* SearchHeader.swift in Sources */ = {isa = PBXBuildFile; fileRef = C74FDA562B47F096001D732A /* SearchHeader.swift */; };
		C74FDA5C2B47F3AA001D732A /* TabButton.swift in Sources */ = {isa = PBXBuildFile; fileRef = C74FDA5B2B47F3AA001D732A /* TabButton.swift */; };
		C74FDA5F2B47FF9D001D732A /* ItemDetailScreen.swift in Sources */ = {isa = PBXBuildFile; fileRef = C74FDA5E2B47FF9D001D732A /* ItemDetailScreen.swift */; };
		C74FDA612B47FFA7001D732A /* IosItemDetailViewModel.swift in Sources */ = {isa = PBXBuildFile; fileRef = C74FDA602B47FFA7001D732A /* IosItemDetailViewModel.swift */; };
		C74FDA642B4800F5001D732A /* ItemDetailTopSection.swift in Sources */ = {isa = PBXBuildFile; fileRef = C74FDA632B4800F5001D732A /* ItemDetailTopSection.swift */; };
		C74FDA662B480507001D732A /* ItemInformationSection.swift in Sources */ = {isa = PBXBuildFile; fileRef = C74FDA652B480507001D732A /* ItemInformationSection.swift */; };
		C74FDA682B480618001D732A /* DetailProductCard.swift in Sources */ = {isa = PBXBuildFile; fileRef = C74FDA672B480618001D732A /* DetailProductCard.swift */; };
		C74FDA6A2B480744001D732A /* RoundedCorner.swift in Sources */ = {isa = PBXBuildFile; fileRef = C74FDA692B480744001D732A /* RoundedCorner.swift */; };
		C74FDA6C2B480990001D732A /* ProductDetailSection.swift in Sources */ = {isa = PBXBuildFile; fileRef = C74FDA6B2B480990001D732A /* ProductDetailSection.swift */; };
		C74FDA6E2B480B63001D732A /* NavigationButtonFill.swift in Sources */ = {isa = PBXBuildFile; fileRef = C74FDA6D2B480B63001D732A /* NavigationButtonFill.swift */; };
		C74FDA712B48106D001D732A /* StoreItemDetailScreen.swift in Sources */ = {isa = PBXBuildFile; fileRef = C74FDA702B48106D001D732A /* StoreItemDetailScreen.swift */; };
		C74FDA732B481079001D732A /* IosStoreItemDetailViewModel.swift in Sources */ = {isa = PBXBuildFile; fileRef = C74FDA722B481079001D732A /* IosStoreItemDetailViewModel.swift */; };
		C74FDA782B481121001D732A /* StoreItemInformationSection.swift in Sources */ = {isa = PBXBuildFile; fileRef = C74FDA772B481121001D732A /* StoreItemInformationSection.swift */; };
		C74FDA7A2B481186001D732A /* DetailStoreProductCard.swift in Sources */ = {isa = PBXBuildFile; fileRef = C74FDA792B481186001D732A /* DetailStoreProductCard.swift */; };
		C74FDA7C2B481217001D732A /* StoreProductDetailSection.swift in Sources */ = {isa = PBXBuildFile; fileRef = C74FDA7B2B481217001D732A /* StoreProductDetailSection.swift */; };
		C75F85AC2B3DE3EA005943A5 /* DependencyInjector.swift in Sources */ = {isa = PBXBuildFile; fileRef = C75F85AB2B3DE3EA005943A5 /* DependencyInjector.swift */; };
		C75F85AE2B3DE3FB005943A5 /* KeychainSwift.swift in Sources */ = {isa = PBXBuildFile; fileRef = C75F85AD2B3DE3FB005943A5 /* KeychainSwift.swift */; };
		C75F85B22B3DE432005943A5 /* IosTokenPreferences.swift in Sources */ = {isa = PBXBuildFile; fileRef = C75F85B12B3DE432005943A5 /* IosTokenPreferences.swift */; };
		C75F85B62B3DE4CB005943A5 /* TopLevelDestination.swift in Sources */ = {isa = PBXBuildFile; fileRef = C75F85B52B3DE4CB005943A5 /* TopLevelDestination.swift */; };
		C75F85BA2B3DE61F005943A5 /* AppModule.swift in Sources */ = {isa = PBXBuildFile; fileRef = C75F85B92B3DE61F005943A5 /* AppModule.swift */; };
		C75F85C52B3DE7E5005943A5 /* AuthNetworkModule.swift in Sources */ = {isa = PBXBuildFile; fileRef = C75F85C42B3DE7E5005943A5 /* AuthNetworkModule.swift */; };
		C75F85C72B3DE811005943A5 /* AuthRepositoryModule.swift in Sources */ = {isa = PBXBuildFile; fileRef = C75F85C62B3DE811005943A5 /* AuthRepositoryModule.swift */; };
		C75F85C92B3DE82A005943A5 /* AuthUseCasesModule.swift in Sources */ = {isa = PBXBuildFile; fileRef = C75F85C82B3DE82A005943A5 /* AuthUseCasesModule.swift */; };
		C75F85CB2B3DE87B005943A5 /* CarbonLocalModule.swift in Sources */ = {isa = PBXBuildFile; fileRef = C75F85CA2B3DE87B005943A5 /* CarbonLocalModule.swift */; };
		C75F85CD2B3DE8CD005943A5 /* CarbonNetworkModule.swift in Sources */ = {isa = PBXBuildFile; fileRef = C75F85CC2B3DE8CD005943A5 /* CarbonNetworkModule.swift */; };
		C75F85CF2B3DE906005943A5 /* CarbonRepositoryModule.swift in Sources */ = {isa = PBXBuildFile; fileRef = C75F85CE2B3DE906005943A5 /* CarbonRepositoryModule.swift */; };
		C75F85D12B3DE945005943A5 /* CarbonUseCasesModule.swift in Sources */ = {isa = PBXBuildFile; fileRef = C75F85D02B3DE945005943A5 /* CarbonUseCasesModule.swift */; };
		C75F85D32B3DE9E4005943A5 /* ItemNetworkModule.swift in Sources */ = {isa = PBXBuildFile; fileRef = C75F85D22B3DE9E4005943A5 /* ItemNetworkModule.swift */; };
		C75F85D52B3DEA29005943A5 /* ItemRepositoryModule.swift in Sources */ = {isa = PBXBuildFile; fileRef = C75F85D42B3DEA29005943A5 /* ItemRepositoryModule.swift */; };
		C75F85D72B3DEA4F005943A5 /* ItemUseCases.swift in Sources */ = {isa = PBXBuildFile; fileRef = C75F85D62B3DEA4F005943A5 /* ItemUseCases.swift */; };
		C75F85D92B3DECDB005943A5 /* MessageLocalModule.swift in Sources */ = {isa = PBXBuildFile; fileRef = C75F85D82B3DECDB005943A5 /* MessageLocalModule.swift */; };
		C75F85DB2B3DECE2005943A5 /* MessageNetworkModule.swift in Sources */ = {isa = PBXBuildFile; fileRef = C75F85DA2B3DECE2005943A5 /* MessageNetworkModule.swift */; };
		C75F85DD2B3DECF7005943A5 /* MessageRepositoryModule.swift in Sources */ = {isa = PBXBuildFile; fileRef = C75F85DC2B3DECF7005943A5 /* MessageRepositoryModule.swift */; };
		C75F85DF2B3DECFE005943A5 /* MessageUseCasesModule.swift in Sources */ = {isa = PBXBuildFile; fileRef = C75F85DE2B3DECFE005943A5 /* MessageUseCasesModule.swift */; };
		C75F85E12B3DED0C005943A5 /* ReviewNetworkModule.swift in Sources */ = {isa = PBXBuildFile; fileRef = C75F85E02B3DED0C005943A5 /* ReviewNetworkModule.swift */; };
		C75F85E32B3DED15005943A5 /* ReviewRepositoryModule.swift in Sources */ = {isa = PBXBuildFile; fileRef = C75F85E22B3DED15005943A5 /* ReviewRepositoryModule.swift */; };
		C75F85E52B3DED1E005943A5 /* ReviewUseCasesModule.swift in Sources */ = {isa = PBXBuildFile; fileRef = C75F85E42B3DED1E005943A5 /* ReviewUseCasesModule.swift */; };
		C75F85E72B3DED33005943A5 /* StoreNetworkModule.swift in Sources */ = {isa = PBXBuildFile; fileRef = C75F85E62B3DED33005943A5 /* StoreNetworkModule.swift */; };
		C75F85E92B3DED41005943A5 /* StoreRepositoryModule.swift in Sources */ = {isa = PBXBuildFile; fileRef = C75F85E82B3DED41005943A5 /* StoreRepositoryModule.swift */; };
		C75F85EB2B3DED49005943A5 /* StoreUseCasesModule.swift in Sources */ = {isa = PBXBuildFile; fileRef = C75F85EA2B3DED49005943A5 /* StoreUseCasesModule.swift */; };
		C75F85ED2B3DED54005943A5 /* UserNetworkModule.swift in Sources */ = {isa = PBXBuildFile; fileRef = C75F85EC2B3DED54005943A5 /* UserNetworkModule.swift */; };
		C75F85EF2B3DED60005943A5 /* UserRepositoryModule.swift in Sources */ = {isa = PBXBuildFile; fileRef = C75F85EE2B3DED60005943A5 /* UserRepositoryModule.swift */; };
		C75F85F12B3DED6B005943A5 /* UserUseCasesModule.swift in Sources */ = {isa = PBXBuildFile; fileRef = C75F85F02B3DED6B005943A5 /* UserUseCasesModule.swift */; };
		C76779ED2B3EB46000B51EFE /* ButtonFill.swift in Sources */ = {isa = PBXBuildFile; fileRef = C76779EC2B3EB46000B51EFE /* ButtonFill.swift */; };
		C76779EF2B3EB7F300B51EFE /* ButtonOutlined.swift in Sources */ = {isa = PBXBuildFile; fileRef = C76779EE2B3EB7F300B51EFE /* ButtonOutlined.swift */; };
		C76779F52B3EB98A00B51EFE /* ButtonSize.swift in Sources */ = {isa = PBXBuildFile; fileRef = C76779F42B3EB98A00B51EFE /* ButtonSize.swift */; };
		C76779F72B3EBBCC00B51EFE /* CircleButton.swift in Sources */ = {isa = PBXBuildFile; fileRef = C76779F62B3EBBCC00B51EFE /* CircleButton.swift */; };
		C76779F92B3EBD1E00B51EFE /* DefaultHeader.swift in Sources */ = {isa = PBXBuildFile; fileRef = C76779F82B3EBD1E00B51EFE /* DefaultHeader.swift */; };
		C76779FB2B3EBE3700B51EFE /* SectionHeader.swift in Sources */ = {isa = PBXBuildFile; fileRef = C76779FA2B3EBE3700B51EFE /* SectionHeader.swift */; };
		C76779FD2B3EBEFD00B51EFE /* SettingHeader.swift in Sources */ = {isa = PBXBuildFile; fileRef = C76779FC2B3EBEFD00B51EFE /* SettingHeader.swift */; };
		C76779FF2B3EBF8D00B51EFE /* PageIndicator.swift in Sources */ = {isa = PBXBuildFile; fileRef = C76779FE2B3EBF8D00B51EFE /* PageIndicator.swift */; };
		C7677A012B3EC11000B51EFE /* DefaultTag.swift in Sources */ = {isa = PBXBuildFile; fileRef = C7677A002B3EC11000B51EFE /* DefaultTag.swift */; };
		C7677A032B3EC2A600B51EFE /* DistanceLabel.swift in Sources */ = {isa = PBXBuildFile; fileRef = C7677A022B3EC2A600B51EFE /* DistanceLabel.swift */; };
		C7677A052B3EC47100B51EFE /* DefaultTextField.swift in Sources */ = {isa = PBXBuildFile; fileRef = C7677A042B3EC47100B51EFE /* DefaultTextField.swift */; };
		C7677A072B3EC76900B51EFE /* PasswordTextField.swift in Sources */ = {isa = PBXBuildFile; fileRef = C7677A062B3EC76900B51EFE /* PasswordTextField.swift */; };
		C7677A092B3EC97900B51EFE /* MultilineTextField.swift in Sources */ = {isa = PBXBuildFile; fileRef = C7677A082B3EC97900B51EFE /* MultilineTextField.swift */; };
		C78766A12B43FC53001C92DD /* FixedItemCard.swift in Sources */ = {isa = PBXBuildFile; fileRef = C78766A02B43FC53001C92DD /* FixedItemCard.swift */; };
		C78766A32B43FD7A001C92DD /* UserHorizontal.swift in Sources */ = {isa = PBXBuildFile; fileRef = C78766A22B43FD7A001C92DD /* UserHorizontal.swift */; };
		C78766A52B4401DB001C92DD /* ItemCard.swift in Sources */ = {isa = PBXBuildFile; fileRef = C78766A42B4401DB001C92DD /* ItemCard.swift */; };
		C78766A72B4402E1001C92DD /* FixedStoreItemCard.swift in Sources */ = {isa = PBXBuildFile; fileRef = C78766A62B4402E1001C92DD /* FixedStoreItemCard.swift */; };
		C78766A92B440416001C92DD /* ItemList.swift in Sources */ = {isa = PBXBuildFile; fileRef = C78766A82B440416001C92DD /* ItemList.swift */; };
		C78766AB2B4419FE001C92DD /* StoreItemList.swift in Sources */ = {isa = PBXBuildFile; fileRef = C78766AA2B4419FE001C92DD /* StoreItemList.swift */; };
		C78766AD2B441A75001C92DD /* HorizontalItemList.swift in Sources */ = {isa = PBXBuildFile; fileRef = C78766AC2B441A75001C92DD /* HorizontalItemList.swift */; };
		C78766AF2B441C59001C92DD /* HorizontalUserCard.swift in Sources */ = {isa = PBXBuildFile; fileRef = C78766AE2B441C59001C92DD /* HorizontalUserCard.swift */; };
		C78766B12B442097001C92DD /* FixedStoreCard.swift in Sources */ = {isa = PBXBuildFile; fileRef = C78766B02B442097001C92DD /* FixedStoreCard.swift */; };
		C78766B32B442196001C92DD /* HorizontalStoreCard.swift in Sources */ = {isa = PBXBuildFile; fileRef = C78766B22B442196001C92DD /* HorizontalStoreCard.swift */; };
		C78766B52B44223F001C92DD /* StoreCard.swift in Sources */ = {isa = PBXBuildFile; fileRef = C78766B42B44223F001C92DD /* StoreCard.swift */; };
		C78766B72B442349001C92DD /* StoreList.swift in Sources */ = {isa = PBXBuildFile; fileRef = C78766B62B442349001C92DD /* StoreList.swift */; };
		C78766B92B4423E7001C92DD /* HorizontalStoreList.swift in Sources */ = {isa = PBXBuildFile; fileRef = C78766B82B4423E7001C92DD /* HorizontalStoreList.swift */; };
		C78766BB2B446EB7001C92DD /* ReviewItem.swift in Sources */ = {isa = PBXBuildFile; fileRef = C78766BA2B446EB7001C92DD /* ReviewItem.swift */; };
		C78766BD2B44702C001C92DD /* StoreReviewItem.swift in Sources */ = {isa = PBXBuildFile; fileRef = C78766BC2B44702C001C92DD /* StoreReviewItem.swift */; };
		C78766BF2B44709C001C92DD /* ReviewList.swift in Sources */ = {isa = PBXBuildFile; fileRef = C78766BE2B44709C001C92DD /* ReviewList.swift */; };
		C78766C12B447129001C92DD /* StoreReviewList.swift in Sources */ = {isa = PBXBuildFile; fileRef = C78766C02B447129001C92DD /* StoreReviewList.swift */; };
		C78766C42B447360001C92DD /* IosHomeViewModel.swift in Sources */ = {isa = PBXBuildFile; fileRef = C78766C32B447360001C92DD /* IosHomeViewModel.swift */; };
		C78766C62B447380001C92DD /* HomeScreen.swift in Sources */ = {isa = PBXBuildFile; fileRef = C78766C52B447380001C92DD /* HomeScreen.swift */; };
		C78766CB2B447586001C92DD /* CategoryItem.swift in Sources */ = {isa = PBXBuildFile; fileRef = C78766CA2B447586001C92DD /* CategoryItem.swift */; };
		C78766CE2B44760A001C92DD /* ItemCategoryExtension.swift in Sources */ = {isa = PBXBuildFile; fileRef = C78766CD2B44760A001C92DD /* ItemCategoryExtension.swift */; };
		C78766D02B447789001C92DD /* CategorySection.swift in Sources */ = {isa = PBXBuildFile; fileRef = C78766CF2B447789001C92DD /* CategorySection.swift */; };
		C78766D32B4479F1001C92DD /* WrappingHStack.swift in Sources */ = {isa = PBXBuildFile; fileRef = C78766D22B4479F1001C92DD /* WrappingHStack.swift */; };
		C79135CA2B457F3800B4276F /* HomeHeader.swift in Sources */ = {isa = PBXBuildFile; fileRef = C79135C92B457F3800B4276F /* HomeHeader.swift */; };
		C79135CC2B45922200B4276F /* HorizontalItemPlaceholder.swift in Sources */ = {isa = PBXBuildFile; fileRef = C79135CB2B45922200B4276F /* HorizontalItemPlaceholder.swift */; };
		C79135CE2B45940100B4276F /* HorizontalStorePlaceholder.swift in Sources */ = {isa = PBXBuildFile; fileRef = C79135CD2B45940100B4276F /* HorizontalStorePlaceholder.swift */; };
		C79135D02B45BE4700B4276F /* StoreSection.swift in Sources */ = {isa = PBXBuildFile; fileRef = C79135CF2B45BE4700B4276F /* StoreSection.swift */; };
		C79135D22B45C1D800B4276F /* ItemSection.swift in Sources */ = {isa = PBXBuildFile; fileRef = C79135D12B45C1D800B4276F /* ItemSection.swift */; };
		C79135D42B45C86200B4276F /* IosHomeState.swift in Sources */ = {isa = PBXBuildFile; fileRef = C79135D32B45C86200B4276F /* IosHomeState.swift */; };
		C79135D62B45C8A900B4276F /* IosHomeEvent.swift in Sources */ = {isa = PBXBuildFile; fileRef = C79135D52B45C8A900B4276F /* IosHomeEvent.swift */; };
/* End PBXBuildFile section */

/* Begin PBXCopyFilesBuildPhase section */
		7555FFB4242A642300829871 /* Embed Frameworks */ = {
			isa = PBXCopyFilesBuildPhase;
			buildActionMask = 2147483647;
			dstPath = "";
			dstSubfolderSpec = 10;
			files = (
			);
			name = "Embed Frameworks";
			runOnlyForDeploymentPostprocessing = 0;
		};
/* End PBXCopyFilesBuildPhase section */

/* Begin PBXFileReference section */
		058557BA273AAA24004C7B11 /* Assets.xcassets */ = {isa = PBXFileReference; lastKnownFileType = folder.assetcatalog; path = Assets.xcassets; sourceTree = "<group>"; };
		058557D8273AAEEB004C7B11 /* Preview Assets.xcassets */ = {isa = PBXFileReference; lastKnownFileType = folder.assetcatalog; path = "Preview Assets.xcassets"; sourceTree = "<group>"; };
		2152FB032600AC8F00CF470E /* iOSApp.swift */ = {isa = PBXFileReference; lastKnownFileType = sourcecode.swift; path = iOSApp.swift; sourceTree = "<group>"; };
		7555FF7B242A565900829871 /* EcoSwapiOS.app */ = {isa = PBXFileReference; explicitFileType = wrapper.application; includeInIndex = 0; path = EcoSwapiOS.app; sourceTree = BUILT_PRODUCTS_DIR; };
		7555FF82242A565900829871 /* ContentView.swift */ = {isa = PBXFileReference; lastKnownFileType = sourcecode.swift; path = ContentView.swift; sourceTree = "<group>"; };
		7555FF8C242A565B00829871 /* Info.plist */ = {isa = PBXFileReference; lastKnownFileType = text.plist.xml; path = Info.plist; sourceTree = "<group>"; };
		C708D0C12AC3E22E00ECE707 /* sf_pro_display_medium.ttf */ = {isa = PBXFileReference; lastKnownFileType = file; path = sf_pro_display_medium.ttf; sourceTree = "<group>"; };
		C708D0C22AC3E22E00ECE707 /* sf_pro_display_bold.ttf */ = {isa = PBXFileReference; lastKnownFileType = file; path = sf_pro_display_bold.ttf; sourceTree = "<group>"; };
		C708D0C32AC3E22E00ECE707 /* sf_pro_display_reg.ttf */ = {isa = PBXFileReference; lastKnownFileType = file; path = sf_pro_display_reg.ttf; sourceTree = "<group>"; };
		C708D0C92AC3E3D500ECE707 /* ColorExtension.swift */ = {isa = PBXFileReference; lastKnownFileType = sourcecode.swift; path = ColorExtension.swift; sourceTree = "<group>"; };
		C708D0CB2AC3E50100ECE707 /* FontExtension.swift */ = {isa = PBXFileReference; lastKnownFileType = sourcecode.swift; path = FontExtension.swift; sourceTree = "<group>"; };
		C7373D732B43B990009D9519 /* IosLoginViewModel.swift */ = {isa = PBXFileReference; lastKnownFileType = sourcecode.swift; path = IosLoginViewModel.swift; sourceTree = "<group>"; };
		C7373D752B43B9C5009D9519 /* LoginScreen.swift */ = {isa = PBXFileReference; lastKnownFileType = sourcecode.swift; path = LoginScreen.swift; sourceTree = "<group>"; };
		C7373D772B43BD6F009D9519 /* IosRegisterViewModel.swift */ = {isa = PBXFileReference; lastKnownFileType = sourcecode.swift; path = IosRegisterViewModel.swift; sourceTree = "<group>"; };
		C7373D792B43BD8A009D9519 /* RegisterScreen.swift */ = {isa = PBXFileReference; lastKnownFileType = sourcecode.swift; path = RegisterScreen.swift; sourceTree = "<group>"; };
		C74DE1782B427A1600E2EBB3 /* IosBoardingViewModel.swift */ = {isa = PBXFileReference; lastKnownFileType = sourcecode.swift; path = IosBoardingViewModel.swift; sourceTree = "<group>"; };
		C74DE17A2B427A2F00E2EBB3 /* BoardingScreen.swift */ = {isa = PBXFileReference; lastKnownFileType = sourcecode.swift; path = BoardingScreen.swift; sourceTree = "<group>"; };
		C74DE17D2B427ADE00E2EBB3 /* BoardingSection.swift */ = {isa = PBXFileReference; lastKnownFileType = sourcecode.swift; path = BoardingSection.swift; sourceTree = "<group>"; };
		C74DE17F2B42801400E2EBB3 /* BoardingPageTab.swift */ = {isa = PBXFileReference; lastKnownFileType = sourcecode.swift; path = BoardingPageTab.swift; sourceTree = "<group>"; };
		C74FDA502B47EF3A001D732A /* SearchScreen.swift */ = {isa = PBXFileReference; lastKnownFileType = sourcecode.swift; path = SearchScreen.swift; sourceTree = "<group>"; };
		C74FDA522B47EF42001D732A /* IosSearchViewModel.swift */ = {isa = PBXFileReference; lastKnownFileType = sourcecode.swift; path = IosSearchViewModel.swift; sourceTree = "<group>"; };
		C74FDA542B47F031001D732A /* IosSearchEvent.swift */ = {isa = PBXFileReference; lastKnownFileType = sourcecode.swift; path = IosSearchEvent.swift; sourceTree = "<group>"; };
		C74FDA562B47F096001D732A /* SearchHeader.swift */ = {isa = PBXFileReference; lastKnownFileType = sourcecode.swift; path = SearchHeader.swift; sourceTree = "<group>"; };
		C74FDA5B2B47F3AA001D732A /* TabButton.swift */ = {isa = PBXFileReference; lastKnownFileType = sourcecode.swift; path = TabButton.swift; sourceTree = "<group>"; };
		C74FDA5E2B47FF9D001D732A /* ItemDetailScreen.swift */ = {isa = PBXFileReference; lastKnownFileType = sourcecode.swift; path = ItemDetailScreen.swift; sourceTree = "<group>"; };
		C74FDA602B47FFA7001D732A /* IosItemDetailViewModel.swift */ = {isa = PBXFileReference; lastKnownFileType = sourcecode.swift; path = IosItemDetailViewModel.swift; sourceTree = "<group>"; };
		C74FDA632B4800F5001D732A /* ItemDetailTopSection.swift */ = {isa = PBXFileReference; lastKnownFileType = sourcecode.swift; path = ItemDetailTopSection.swift; sourceTree = "<group>"; };
		C74FDA652B480507001D732A /* ItemInformationSection.swift */ = {isa = PBXFileReference; lastKnownFileType = sourcecode.swift; path = ItemInformationSection.swift; sourceTree = "<group>"; };
		C74FDA672B480618001D732A /* DetailProductCard.swift */ = {isa = PBXFileReference; lastKnownFileType = sourcecode.swift; path = DetailProductCard.swift; sourceTree = "<group>"; };
		C74FDA692B480744001D732A /* RoundedCorner.swift */ = {isa = PBXFileReference; lastKnownFileType = sourcecode.swift; path = RoundedCorner.swift; sourceTree = "<group>"; };
		C74FDA6B2B480990001D732A /* ProductDetailSection.swift */ = {isa = PBXFileReference; lastKnownFileType = sourcecode.swift; path = ProductDetailSection.swift; sourceTree = "<group>"; };
		C74FDA6D2B480B63001D732A /* NavigationButtonFill.swift */ = {isa = PBXFileReference; lastKnownFileType = sourcecode.swift; path = NavigationButtonFill.swift; sourceTree = "<group>"; };
		C74FDA702B48106D001D732A /* StoreItemDetailScreen.swift */ = {isa = PBXFileReference; lastKnownFileType = sourcecode.swift; path = StoreItemDetailScreen.swift; sourceTree = "<group>"; };
		C74FDA722B481079001D732A /* IosStoreItemDetailViewModel.swift */ = {isa = PBXFileReference; lastKnownFileType = sourcecode.swift; path = IosStoreItemDetailViewModel.swift; sourceTree = "<group>"; };
		C74FDA772B481121001D732A /* StoreItemInformationSection.swift */ = {isa = PBXFileReference; lastKnownFileType = sourcecode.swift; path = StoreItemInformationSection.swift; sourceTree = "<group>"; };
		C74FDA792B481186001D732A /* DetailStoreProductCard.swift */ = {isa = PBXFileReference; lastKnownFileType = sourcecode.swift; path = DetailStoreProductCard.swift; sourceTree = "<group>"; };
		C74FDA7B2B481217001D732A /* StoreProductDetailSection.swift */ = {isa = PBXFileReference; lastKnownFileType = sourcecode.swift; path = StoreProductDetailSection.swift; sourceTree = "<group>"; };
		C75F85AB2B3DE3EA005943A5 /* DependencyInjector.swift */ = {isa = PBXFileReference; lastKnownFileType = sourcecode.swift; path = DependencyInjector.swift; sourceTree = "<group>"; };
		C75F85AD2B3DE3FB005943A5 /* KeychainSwift.swift */ = {isa = PBXFileReference; lastKnownFileType = sourcecode.swift; path = KeychainSwift.swift; sourceTree = "<group>"; };
		C75F85B12B3DE432005943A5 /* IosTokenPreferences.swift */ = {isa = PBXFileReference; lastKnownFileType = sourcecode.swift; path = IosTokenPreferences.swift; sourceTree = "<group>"; };
		C75F85B52B3DE4CB005943A5 /* TopLevelDestination.swift */ = {isa = PBXFileReference; lastKnownFileType = sourcecode.swift; path = TopLevelDestination.swift; sourceTree = "<group>"; };
		C75F85B92B3DE61F005943A5 /* AppModule.swift */ = {isa = PBXFileReference; lastKnownFileType = sourcecode.swift; path = AppModule.swift; sourceTree = "<group>"; };
		C75F85C42B3DE7E5005943A5 /* AuthNetworkModule.swift */ = {isa = PBXFileReference; lastKnownFileType = sourcecode.swift; path = AuthNetworkModule.swift; sourceTree = "<group>"; };
		C75F85C62B3DE811005943A5 /* AuthRepositoryModule.swift */ = {isa = PBXFileReference; lastKnownFileType = sourcecode.swift; path = AuthRepositoryModule.swift; sourceTree = "<group>"; };
		C75F85C82B3DE82A005943A5 /* AuthUseCasesModule.swift */ = {isa = PBXFileReference; lastKnownFileType = sourcecode.swift; path = AuthUseCasesModule.swift; sourceTree = "<group>"; };
		C75F85CA2B3DE87B005943A5 /* CarbonLocalModule.swift */ = {isa = PBXFileReference; lastKnownFileType = sourcecode.swift; path = CarbonLocalModule.swift; sourceTree = "<group>"; };
		C75F85CC2B3DE8CD005943A5 /* CarbonNetworkModule.swift */ = {isa = PBXFileReference; lastKnownFileType = sourcecode.swift; path = CarbonNetworkModule.swift; sourceTree = "<group>"; };
		C75F85CE2B3DE906005943A5 /* CarbonRepositoryModule.swift */ = {isa = PBXFileReference; lastKnownFileType = sourcecode.swift; path = CarbonRepositoryModule.swift; sourceTree = "<group>"; };
		C75F85D02B3DE945005943A5 /* CarbonUseCasesModule.swift */ = {isa = PBXFileReference; lastKnownFileType = sourcecode.swift; path = CarbonUseCasesModule.swift; sourceTree = "<group>"; };
		C75F85D22B3DE9E4005943A5 /* ItemNetworkModule.swift */ = {isa = PBXFileReference; lastKnownFileType = sourcecode.swift; path = ItemNetworkModule.swift; sourceTree = "<group>"; };
		C75F85D42B3DEA29005943A5 /* ItemRepositoryModule.swift */ = {isa = PBXFileReference; lastKnownFileType = sourcecode.swift; path = ItemRepositoryModule.swift; sourceTree = "<group>"; };
		C75F85D62B3DEA4F005943A5 /* ItemUseCases.swift */ = {isa = PBXFileReference; lastKnownFileType = sourcecode.swift; path = ItemUseCases.swift; sourceTree = "<group>"; };
		C75F85D82B3DECDB005943A5 /* MessageLocalModule.swift */ = {isa = PBXFileReference; lastKnownFileType = sourcecode.swift; path = MessageLocalModule.swift; sourceTree = "<group>"; };
		C75F85DA2B3DECE2005943A5 /* MessageNetworkModule.swift */ = {isa = PBXFileReference; lastKnownFileType = sourcecode.swift; path = MessageNetworkModule.swift; sourceTree = "<group>"; };
		C75F85DC2B3DECF7005943A5 /* MessageRepositoryModule.swift */ = {isa = PBXFileReference; lastKnownFileType = sourcecode.swift; path = MessageRepositoryModule.swift; sourceTree = "<group>"; };
		C75F85DE2B3DECFE005943A5 /* MessageUseCasesModule.swift */ = {isa = PBXFileReference; lastKnownFileType = sourcecode.swift; path = MessageUseCasesModule.swift; sourceTree = "<group>"; };
		C75F85E02B3DED0C005943A5 /* ReviewNetworkModule.swift */ = {isa = PBXFileReference; lastKnownFileType = sourcecode.swift; path = ReviewNetworkModule.swift; sourceTree = "<group>"; };
		C75F85E22B3DED15005943A5 /* ReviewRepositoryModule.swift */ = {isa = PBXFileReference; lastKnownFileType = sourcecode.swift; path = ReviewRepositoryModule.swift; sourceTree = "<group>"; };
		C75F85E42B3DED1E005943A5 /* ReviewUseCasesModule.swift */ = {isa = PBXFileReference; lastKnownFileType = sourcecode.swift; path = ReviewUseCasesModule.swift; sourceTree = "<group>"; };
		C75F85E62B3DED33005943A5 /* StoreNetworkModule.swift */ = {isa = PBXFileReference; lastKnownFileType = sourcecode.swift; path = StoreNetworkModule.swift; sourceTree = "<group>"; };
		C75F85E82B3DED41005943A5 /* StoreRepositoryModule.swift */ = {isa = PBXFileReference; lastKnownFileType = sourcecode.swift; path = StoreRepositoryModule.swift; sourceTree = "<group>"; };
		C75F85EA2B3DED49005943A5 /* StoreUseCasesModule.swift */ = {isa = PBXFileReference; lastKnownFileType = sourcecode.swift; path = StoreUseCasesModule.swift; sourceTree = "<group>"; };
		C75F85EC2B3DED54005943A5 /* UserNetworkModule.swift */ = {isa = PBXFileReference; lastKnownFileType = sourcecode.swift; path = UserNetworkModule.swift; sourceTree = "<group>"; };
		C75F85EE2B3DED60005943A5 /* UserRepositoryModule.swift */ = {isa = PBXFileReference; lastKnownFileType = sourcecode.swift; path = UserRepositoryModule.swift; sourceTree = "<group>"; };
		C75F85F02B3DED6B005943A5 /* UserUseCasesModule.swift */ = {isa = PBXFileReference; lastKnownFileType = sourcecode.swift; path = UserUseCasesModule.swift; sourceTree = "<group>"; };
		C76779EC2B3EB46000B51EFE /* ButtonFill.swift */ = {isa = PBXFileReference; lastKnownFileType = sourcecode.swift; path = ButtonFill.swift; sourceTree = "<group>"; };
		C76779EE2B3EB7F300B51EFE /* ButtonOutlined.swift */ = {isa = PBXFileReference; lastKnownFileType = sourcecode.swift; path = ButtonOutlined.swift; sourceTree = "<group>"; };
		C76779F42B3EB98A00B51EFE /* ButtonSize.swift */ = {isa = PBXFileReference; lastKnownFileType = sourcecode.swift; path = ButtonSize.swift; sourceTree = "<group>"; };
		C76779F62B3EBBCC00B51EFE /* CircleButton.swift */ = {isa = PBXFileReference; lastKnownFileType = sourcecode.swift; path = CircleButton.swift; sourceTree = "<group>"; };
		C76779F82B3EBD1E00B51EFE /* DefaultHeader.swift */ = {isa = PBXFileReference; lastKnownFileType = sourcecode.swift; path = DefaultHeader.swift; sourceTree = "<group>"; };
		C76779FA2B3EBE3700B51EFE /* SectionHeader.swift */ = {isa = PBXFileReference; lastKnownFileType = sourcecode.swift; path = SectionHeader.swift; sourceTree = "<group>"; };
		C76779FC2B3EBEFD00B51EFE /* SettingHeader.swift */ = {isa = PBXFileReference; lastKnownFileType = sourcecode.swift; path = SettingHeader.swift; sourceTree = "<group>"; };
		C76779FE2B3EBF8D00B51EFE /* PageIndicator.swift */ = {isa = PBXFileReference; lastKnownFileType = sourcecode.swift; path = PageIndicator.swift; sourceTree = "<group>"; };
		C7677A002B3EC11000B51EFE /* DefaultTag.swift */ = {isa = PBXFileReference; lastKnownFileType = sourcecode.swift; path = DefaultTag.swift; sourceTree = "<group>"; };
		C7677A022B3EC2A600B51EFE /* DistanceLabel.swift */ = {isa = PBXFileReference; lastKnownFileType = sourcecode.swift; path = DistanceLabel.swift; sourceTree = "<group>"; };
		C7677A042B3EC47100B51EFE /* DefaultTextField.swift */ = {isa = PBXFileReference; lastKnownFileType = sourcecode.swift; path = DefaultTextField.swift; sourceTree = "<group>"; };
		C7677A062B3EC76900B51EFE /* PasswordTextField.swift */ = {isa = PBXFileReference; lastKnownFileType = sourcecode.swift; path = PasswordTextField.swift; sourceTree = "<group>"; };
		C7677A082B3EC97900B51EFE /* MultilineTextField.swift */ = {isa = PBXFileReference; lastKnownFileType = sourcecode.swift; path = MultilineTextField.swift; sourceTree = "<group>"; };
		C78766A02B43FC53001C92DD /* FixedItemCard.swift */ = {isa = PBXFileReference; lastKnownFileType = sourcecode.swift; path = FixedItemCard.swift; sourceTree = "<group>"; };
		C78766A22B43FD7A001C92DD /* UserHorizontal.swift */ = {isa = PBXFileReference; lastKnownFileType = sourcecode.swift; path = UserHorizontal.swift; sourceTree = "<group>"; };
		C78766A42B4401DB001C92DD /* ItemCard.swift */ = {isa = PBXFileReference; lastKnownFileType = sourcecode.swift; path = ItemCard.swift; sourceTree = "<group>"; };
		C78766A62B4402E1001C92DD /* FixedStoreItemCard.swift */ = {isa = PBXFileReference; lastKnownFileType = sourcecode.swift; path = FixedStoreItemCard.swift; sourceTree = "<group>"; };
		C78766A82B440416001C92DD /* ItemList.swift */ = {isa = PBXFileReference; lastKnownFileType = sourcecode.swift; path = ItemList.swift; sourceTree = "<group>"; };
		C78766AA2B4419FE001C92DD /* StoreItemList.swift */ = {isa = PBXFileReference; lastKnownFileType = sourcecode.swift; path = StoreItemList.swift; sourceTree = "<group>"; };
		C78766AC2B441A75001C92DD /* HorizontalItemList.swift */ = {isa = PBXFileReference; lastKnownFileType = sourcecode.swift; path = HorizontalItemList.swift; sourceTree = "<group>"; };
		C78766AE2B441C59001C92DD /* HorizontalUserCard.swift */ = {isa = PBXFileReference; lastKnownFileType = sourcecode.swift; path = HorizontalUserCard.swift; sourceTree = "<group>"; };
		C78766B02B442097001C92DD /* FixedStoreCard.swift */ = {isa = PBXFileReference; lastKnownFileType = sourcecode.swift; path = FixedStoreCard.swift; sourceTree = "<group>"; };
		C78766B22B442196001C92DD /* HorizontalStoreCard.swift */ = {isa = PBXFileReference; lastKnownFileType = sourcecode.swift; path = HorizontalStoreCard.swift; sourceTree = "<group>"; };
		C78766B42B44223F001C92DD /* StoreCard.swift */ = {isa = PBXFileReference; lastKnownFileType = sourcecode.swift; path = StoreCard.swift; sourceTree = "<group>"; };
		C78766B62B442349001C92DD /* StoreList.swift */ = {isa = PBXFileReference; lastKnownFileType = sourcecode.swift; path = StoreList.swift; sourceTree = "<group>"; };
		C78766B82B4423E7001C92DD /* HorizontalStoreList.swift */ = {isa = PBXFileReference; lastKnownFileType = sourcecode.swift; path = HorizontalStoreList.swift; sourceTree = "<group>"; };
		C78766BA2B446EB7001C92DD /* ReviewItem.swift */ = {isa = PBXFileReference; lastKnownFileType = sourcecode.swift; path = ReviewItem.swift; sourceTree = "<group>"; };
		C78766BC2B44702C001C92DD /* StoreReviewItem.swift */ = {isa = PBXFileReference; lastKnownFileType = sourcecode.swift; path = StoreReviewItem.swift; sourceTree = "<group>"; };
		C78766BE2B44709C001C92DD /* ReviewList.swift */ = {isa = PBXFileReference; lastKnownFileType = sourcecode.swift; path = ReviewList.swift; sourceTree = "<group>"; };
		C78766C02B447129001C92DD /* StoreReviewList.swift */ = {isa = PBXFileReference; lastKnownFileType = sourcecode.swift; path = StoreReviewList.swift; sourceTree = "<group>"; };
		C78766C32B447360001C92DD /* IosHomeViewModel.swift */ = {isa = PBXFileReference; lastKnownFileType = sourcecode.swift; path = IosHomeViewModel.swift; sourceTree = "<group>"; };
		C78766C52B447380001C92DD /* HomeScreen.swift */ = {isa = PBXFileReference; lastKnownFileType = sourcecode.swift; path = HomeScreen.swift; sourceTree = "<group>"; };
		C78766CA2B447586001C92DD /* CategoryItem.swift */ = {isa = PBXFileReference; lastKnownFileType = sourcecode.swift; path = CategoryItem.swift; sourceTree = "<group>"; };
		C78766CD2B44760A001C92DD /* ItemCategoryExtension.swift */ = {isa = PBXFileReference; lastKnownFileType = sourcecode.swift; path = ItemCategoryExtension.swift; sourceTree = "<group>"; };
		C78766CF2B447789001C92DD /* CategorySection.swift */ = {isa = PBXFileReference; lastKnownFileType = sourcecode.swift; path = CategorySection.swift; sourceTree = "<group>"; };
		C78766D22B4479F1001C92DD /* WrappingHStack.swift */ = {isa = PBXFileReference; lastKnownFileType = sourcecode.swift; path = WrappingHStack.swift; sourceTree = "<group>"; };
		C79135C92B457F3800B4276F /* HomeHeader.swift */ = {isa = PBXFileReference; lastKnownFileType = sourcecode.swift; path = HomeHeader.swift; sourceTree = "<group>"; };
		C79135CB2B45922200B4276F /* HorizontalItemPlaceholder.swift */ = {isa = PBXFileReference; lastKnownFileType = sourcecode.swift; path = HorizontalItemPlaceholder.swift; sourceTree = "<group>"; };
		C79135CD2B45940100B4276F /* HorizontalStorePlaceholder.swift */ = {isa = PBXFileReference; lastKnownFileType = sourcecode.swift; path = HorizontalStorePlaceholder.swift; sourceTree = "<group>"; };
		C79135CF2B45BE4700B4276F /* StoreSection.swift */ = {isa = PBXFileReference; lastKnownFileType = sourcecode.swift; path = StoreSection.swift; sourceTree = "<group>"; };
		C79135D12B45C1D800B4276F /* ItemSection.swift */ = {isa = PBXFileReference; lastKnownFileType = sourcecode.swift; path = ItemSection.swift; sourceTree = "<group>"; };
		C79135D32B45C86200B4276F /* IosHomeState.swift */ = {isa = PBXFileReference; lastKnownFileType = sourcecode.swift; path = IosHomeState.swift; sourceTree = "<group>"; };
		C79135D52B45C8A900B4276F /* IosHomeEvent.swift */ = {isa = PBXFileReference; lastKnownFileType = sourcecode.swift; path = IosHomeEvent.swift; sourceTree = "<group>"; };
/* End PBXFileReference section */

/* Begin PBXFrameworksBuildPhase section */
		7555FF78242A565900829871 /* Frameworks */ = {
			isa = PBXFrameworksBuildPhase;
			buildActionMask = 2147483647;
			files = (
			);
			runOnlyForDeploymentPostprocessing = 0;
		};
/* End PBXFrameworksBuildPhase section */

/* Begin PBXGroup section */
		058557D7273AAEEB004C7B11 /* Preview Content */ = {
			isa = PBXGroup;
			children = (
				058557D8273AAEEB004C7B11 /* Preview Assets.xcassets */,
			);
			path = "Preview Content";
			sourceTree = "<group>";
		};
		7555FF72242A565900829871 = {
			isa = PBXGroup;
			children = (
				7555FF7D242A565900829871 /* EcoSwapiOS */,
				7555FF7C242A565900829871 /* Products */,
				7555FFB0242A642200829871 /* Frameworks */,
			);
			sourceTree = "<group>";
		};
		7555FF7C242A565900829871 /* Products */ = {
			isa = PBXGroup;
			children = (
				7555FF7B242A565900829871 /* EcoSwapiOS.app */,
			);
			name = Products;
			sourceTree = "<group>";
		};
		7555FF7D242A565900829871 /* EcoSwapiOS */ = {
			isa = PBXGroup;
			children = (
				C75F85B72B3DE60C005943A5 /* DI */,
				C75F85AA2B3DE3DA005943A5 /* Utils */,
				C708D0C72AC3E2A400ECE707 /* Theme */,
				C708D0BD2AC3E20400ECE707 /* Data */,
				C75F85A92B3DDE17005943A5 /* Domain */,
				C708D0BE2AC3E20A00ECE707 /* Presentation */,
				C708D0BF2AC3E21200ECE707 /* Resources */,
				058557BA273AAA24004C7B11 /* Assets.xcassets */,
				7555FF82242A565900829871 /* ContentView.swift */,
				7555FF8C242A565B00829871 /* Info.plist */,
				2152FB032600AC8F00CF470E /* iOSApp.swift */,
				058557D7273AAEEB004C7B11 /* Preview Content */,
			);
			path = EcoSwapiOS;
			sourceTree = "<group>";
		};
		7555FFB0242A642200829871 /* Frameworks */ = {
			isa = PBXGroup;
			children = (
			);
			name = Frameworks;
			sourceTree = "<group>";
		};
		C708D0BD2AC3E20400ECE707 /* Data */ = {
			isa = PBXGroup;
			children = (
				C75F85AF2B3DE422005943A5 /* Core */,
			);
			path = Data;
			sourceTree = "<group>";
		};
		C708D0BE2AC3E20A00ECE707 /* Presentation */ = {
			isa = PBXGroup;
			children = (
				C74FDA6F2B480EEA001D732A /* StoreItemDetail */,
				C74FDA5D2B47FF94001D732A /* ItemDetail */,
				C74FDA4E2B47EEF9001D732A /* Search */,
				C78766C22B447355001C92DD /* Home */,
				C76779E62B3EB33E00B51EFE /* Register */,
				C76779E52B3EB33600B51EFE /* Login */,
				C76779E42B3EB33200B51EFE /* Boarding */,
				C76779DC2B3EB2EF00B51EFE /* Components */,
				C787669A2B43F98D001C92DD /* ModelComponents */,
				C74FDA752B4810F3001D732A /* SharedComponents */,
				C75F85B42B3DE4C1005943A5 /* Navigation */,
				C78766CC2B4475FF001C92DD /* Utils */,
			);
			path = Presentation;
			sourceTree = "<group>";
		};
		C708D0BF2AC3E21200ECE707 /* Resources */ = {
			isa = PBXGroup;
			children = (
				C708D0C02AC3E21D00ECE707 /* fonts */,
			);
			path = Resources;
			sourceTree = "<group>";
		};
		C708D0C02AC3E21D00ECE707 /* fonts */ = {
			isa = PBXGroup;
			children = (
				C708D0C22AC3E22E00ECE707 /* sf_pro_display_bold.ttf */,
				C708D0C12AC3E22E00ECE707 /* sf_pro_display_medium.ttf */,
				C708D0C32AC3E22E00ECE707 /* sf_pro_display_reg.ttf */,
			);
			path = fonts;
			sourceTree = "<group>";
		};
		C708D0C72AC3E2A400ECE707 /* Theme */ = {
			isa = PBXGroup;
			children = (
				C708D0C92AC3E3D500ECE707 /* ColorExtension.swift */,
				C708D0CB2AC3E50100ECE707 /* FontExtension.swift */,
			);
			path = Theme;
			sourceTree = "<group>";
		};
		C74DE17C2B427ACF00E2EBB3 /* Components */ = {
			isa = PBXGroup;
			children = (
				C74DE17D2B427ADE00E2EBB3 /* BoardingSection.swift */,
				C74DE17F2B42801400E2EBB3 /* BoardingPageTab.swift */,
			);
			path = Components;
			sourceTree = "<group>";
		};
		C74FDA4E2B47EEF9001D732A /* Search */ = {
			isa = PBXGroup;
			children = (
				C74FDA4F2B47EF31001D732A /* Components */,
				C74FDA502B47EF3A001D732A /* SearchScreen.swift */,
				C74FDA522B47EF42001D732A /* IosSearchViewModel.swift */,
				C74FDA542B47F031001D732A /* IosSearchEvent.swift */,
			);
			path = Search;
			sourceTree = "<group>";
		};
		C74FDA4F2B47EF31001D732A /* Components */ = {
			isa = PBXGroup;
			children = (
				C74FDA562B47F096001D732A /* SearchHeader.swift */,
			);
			path = Components;
			sourceTree = "<group>";
		};
		C74FDA5A2B47F3A4001D732A /* Tabs */ = {
			isa = PBXGroup;
			children = (
				C74FDA5B2B47F3AA001D732A /* TabButton.swift */,
			);
			path = Tabs;
			sourceTree = "<group>";
		};
		C74FDA5D2B47FF94001D732A /* ItemDetail */ = {
			isa = PBXGroup;
			children = (
				C74FDA622B47FFB0001D732A /* Components */,
				C74FDA5E2B47FF9D001D732A /* ItemDetailScreen.swift */,
				C74FDA602B47FFA7001D732A /* IosItemDetailViewModel.swift */,
			);
			path = ItemDetail;
			sourceTree = "<group>";
		};
		C74FDA622B47FFB0001D732A /* Components */ = {
			isa = PBXGroup;
			children = (
				C74FDA652B480507001D732A /* ItemInformationSection.swift */,
				C74FDA672B480618001D732A /* DetailProductCard.swift */,
				C74FDA6B2B480990001D732A /* ProductDetailSection.swift */,
			);
			path = Components;
			sourceTree = "<group>";
		};
		C74FDA6F2B480EEA001D732A /* StoreItemDetail */ = {
			isa = PBXGroup;
			children = (
				C74FDA742B48107D001D732A /* Components */,
				C74FDA702B48106D001D732A /* StoreItemDetailScreen.swift */,
				C74FDA722B481079001D732A /* IosStoreItemDetailViewModel.swift */,
			);
			path = StoreItemDetail;
			sourceTree = "<group>";
		};
		C74FDA742B48107D001D732A /* Components */ = {
			isa = PBXGroup;
			children = (
				C74FDA772B481121001D732A /* StoreItemInformationSection.swift */,
				C74FDA792B481186001D732A /* DetailStoreProductCard.swift */,
				C74FDA7B2B481217001D732A /* StoreProductDetailSection.swift */,
			);
			path = Components;
			sourceTree = "<group>";
		};
		C74FDA752B4810F3001D732A /* SharedComponents */ = {
			isa = PBXGroup;
			children = (
				C74FDA762B4810FB001D732A /* ItemDetail */,
			);
			path = SharedComponents;
			sourceTree = "<group>";
		};
		C74FDA762B4810FB001D732A /* ItemDetail */ = {
			isa = PBXGroup;
			children = (
				C74FDA632B4800F5001D732A /* ItemDetailTopSection.swift */,
			);
			path = ItemDetail;
			sourceTree = "<group>";
		};
		C75F85A92B3DDE17005943A5 /* Domain */ = {
			isa = PBXGroup;
			children = (
			);
			path = Domain;
			sourceTree = "<group>";
		};
		C75F85AA2B3DE3DA005943A5 /* Utils */ = {
			isa = PBXGroup;
			children = (
				C75F85AB2B3DE3EA005943A5 /* DependencyInjector.swift */,
				C75F85AD2B3DE3FB005943A5 /* KeychainSwift.swift */,
			);
			path = Utils;
			sourceTree = "<group>";
		};
		C75F85AF2B3DE422005943A5 /* Core */ = {
			isa = PBXGroup;
			children = (
				C75F85B02B3DE425005943A5 /* Preferences */,
			);
			path = Core;
			sourceTree = "<group>";
		};
		C75F85B02B3DE425005943A5 /* Preferences */ = {
			isa = PBXGroup;
			children = (
				C75F85B12B3DE432005943A5 /* IosTokenPreferences.swift */,
			);
			path = Preferences;
			sourceTree = "<group>";
		};
		C75F85B42B3DE4C1005943A5 /* Navigation */ = {
			isa = PBXGroup;
			children = (
				C75F85B52B3DE4CB005943A5 /* TopLevelDestination.swift */,
			);
			path = Navigation;
			sourceTree = "<group>";
		};
		C75F85B72B3DE60C005943A5 /* DI */ = {
			isa = PBXGroup;
			children = (
				C75F85BB2B3DE638005943A5 /* Auth */,
				C75F85BC2B3DE63C005943A5 /* Carbon */,
				C75F85BF2B3DE64F005943A5 /* Item */,
				C75F85C02B3DE653005943A5 /* Message */,
				C75F85C12B3DE65A005943A5 /* Review */,
				C75F85C22B3DE65F005943A5 /* Store */,
				C75F85C32B3DE668005943A5 /* User */,
				C75F85B92B3DE61F005943A5 /* AppModule.swift */,
			);
			path = DI;
			sourceTree = "<group>";
		};
		C75F85BB2B3DE638005943A5 /* Auth */ = {
			isa = PBXGroup;
			children = (
				C75F85C42B3DE7E5005943A5 /* AuthNetworkModule.swift */,
				C75F85C62B3DE811005943A5 /* AuthRepositoryModule.swift */,
				C75F85C82B3DE82A005943A5 /* AuthUseCasesModule.swift */,
			);
			path = Auth;
			sourceTree = "<group>";
		};
		C75F85BC2B3DE63C005943A5 /* Carbon */ = {
			isa = PBXGroup;
			children = (
				C75F85CA2B3DE87B005943A5 /* CarbonLocalModule.swift */,
				C75F85CC2B3DE8CD005943A5 /* CarbonNetworkModule.swift */,
				C75F85CE2B3DE906005943A5 /* CarbonRepositoryModule.swift */,
				C75F85D02B3DE945005943A5 /* CarbonUseCasesModule.swift */,
			);
			path = Carbon;
			sourceTree = "<group>";
		};
		C75F85BF2B3DE64F005943A5 /* Item */ = {
			isa = PBXGroup;
			children = (
				C75F85D22B3DE9E4005943A5 /* ItemNetworkModule.swift */,
				C75F85D42B3DEA29005943A5 /* ItemRepositoryModule.swift */,
				C75F85D62B3DEA4F005943A5 /* ItemUseCases.swift */,
			);
			path = Item;
			sourceTree = "<group>";
		};
		C75F85C02B3DE653005943A5 /* Message */ = {
			isa = PBXGroup;
			children = (
				C75F85D82B3DECDB005943A5 /* MessageLocalModule.swift */,
				C75F85DA2B3DECE2005943A5 /* MessageNetworkModule.swift */,
				C75F85DC2B3DECF7005943A5 /* MessageRepositoryModule.swift */,
				C75F85DE2B3DECFE005943A5 /* MessageUseCasesModule.swift */,
			);
			path = Message;
			sourceTree = "<group>";
		};
		C75F85C12B3DE65A005943A5 /* Review */ = {
			isa = PBXGroup;
			children = (
				C75F85E02B3DED0C005943A5 /* ReviewNetworkModule.swift */,
				C75F85E22B3DED15005943A5 /* ReviewRepositoryModule.swift */,
				C75F85E42B3DED1E005943A5 /* ReviewUseCasesModule.swift */,
			);
			path = Review;
			sourceTree = "<group>";
		};
		C75F85C22B3DE65F005943A5 /* Store */ = {
			isa = PBXGroup;
			children = (
				C75F85E62B3DED33005943A5 /* StoreNetworkModule.swift */,
				C75F85E82B3DED41005943A5 /* StoreRepositoryModule.swift */,
				C75F85EA2B3DED49005943A5 /* StoreUseCasesModule.swift */,
			);
			path = Store;
			sourceTree = "<group>";
		};
		C75F85C32B3DE668005943A5 /* User */ = {
			isa = PBXGroup;
			children = (
				C75F85EC2B3DED54005943A5 /* UserNetworkModule.swift */,
				C75F85EE2B3DED60005943A5 /* UserRepositoryModule.swift */,
				C75F85F02B3DED6B005943A5 /* UserUseCasesModule.swift */,
			);
			path = User;
			sourceTree = "<group>";
		};
		C76779DC2B3EB2EF00B51EFE /* Components */ = {
			isa = PBXGroup;
			children = (
				C74FDA5A2B47F3A4001D732A /* Tabs */,
				C78766D12B4479E8001C92DD /* Wrapping */,
				C76779E32B3EB32200B51EFE /* Textfields */,
				C76779E22B3EB31D00B51EFE /* Tags */,
				C76779E12B3EB31600B51EFE /* Loading */,
				C76779E02B3EB31100B51EFE /* Indicator */,
				C76779DF2B3EB30C00B51EFE /* Labels */,
				C76779DE2B3EB30500B51EFE /* Header */,
				C76779DD2B3EB30000B51EFE /* Buttons */,
			);
			path = Components;
			sourceTree = "<group>";
		};
		C76779DD2B3EB30000B51EFE /* Buttons */ = {
			isa = PBXGroup;
			children = (
				C76779F32B3EB98200B51EFE /* Model */,
				C76779EC2B3EB46000B51EFE /* ButtonFill.swift */,
				C76779EE2B3EB7F300B51EFE /* ButtonOutlined.swift */,
				C76779F62B3EBBCC00B51EFE /* CircleButton.swift */,
				C74FDA6D2B480B63001D732A /* NavigationButtonFill.swift */,
			);
			path = Buttons;
			sourceTree = "<group>";
		};
		C76779DE2B3EB30500B51EFE /* Header */ = {
			isa = PBXGroup;
			children = (
				C76779F82B3EBD1E00B51EFE /* DefaultHeader.swift */,
				C76779FA2B3EBE3700B51EFE /* SectionHeader.swift */,
				C76779FC2B3EBEFD00B51EFE /* SettingHeader.swift */,
			);
			path = Header;
			sourceTree = "<group>";
		};
		C76779DF2B3EB30C00B51EFE /* Labels */ = {
			isa = PBXGroup;
			children = (
				C7677A022B3EC2A600B51EFE /* DistanceLabel.swift */,
			);
			path = Labels;
			sourceTree = "<group>";
		};
		C76779E02B3EB31100B51EFE /* Indicator */ = {
			isa = PBXGroup;
			children = (
				C76779FE2B3EBF8D00B51EFE /* PageIndicator.swift */,
			);
			path = Indicator;
			sourceTree = "<group>";
		};
		C76779E12B3EB31600B51EFE /* Loading */ = {
			isa = PBXGroup;
			children = (
				C79135CB2B45922200B4276F /* HorizontalItemPlaceholder.swift */,
				C79135CD2B45940100B4276F /* HorizontalStorePlaceholder.swift */,
			);
			path = Loading;
			sourceTree = "<group>";
		};
		C76779E22B3EB31D00B51EFE /* Tags */ = {
			isa = PBXGroup;
			children = (
				C7677A002B3EC11000B51EFE /* DefaultTag.swift */,
			);
			path = Tags;
			sourceTree = "<group>";
		};
		C76779E32B3EB32200B51EFE /* Textfields */ = {
			isa = PBXGroup;
			children = (
				C7677A042B3EC47100B51EFE /* DefaultTextField.swift */,
				C7677A062B3EC76900B51EFE /* PasswordTextField.swift */,
				C7677A082B3EC97900B51EFE /* MultilineTextField.swift */,
			);
			path = Textfields;
			sourceTree = "<group>";
		};
		C76779E42B3EB33200B51EFE /* Boarding */ = {
			isa = PBXGroup;
			children = (
				C74DE17C2B427ACF00E2EBB3 /* Components */,
				C74DE1782B427A1600E2EBB3 /* IosBoardingViewModel.swift */,
				C74DE17A2B427A2F00E2EBB3 /* BoardingScreen.swift */,
			);
			path = Boarding;
			sourceTree = "<group>";
		};
		C76779E52B3EB33600B51EFE /* Login */ = {
			isa = PBXGroup;
			children = (
				C7373D732B43B990009D9519 /* IosLoginViewModel.swift */,
				C7373D752B43B9C5009D9519 /* LoginScreen.swift */,
			);
			path = Login;
			sourceTree = "<group>";
		};
		C76779E62B3EB33E00B51EFE /* Register */ = {
			isa = PBXGroup;
			children = (
				C7373D772B43BD6F009D9519 /* IosRegisterViewModel.swift */,
				C7373D792B43BD8A009D9519 /* RegisterScreen.swift */,
			);
			path = Register;
			sourceTree = "<group>";
		};
		C76779F32B3EB98200B51EFE /* Model */ = {
			isa = PBXGroup;
			children = (
				C76779F42B3EB98A00B51EFE /* ButtonSize.swift */,
			);
			path = Model;
			sourceTree = "<group>";
		};
		C787669A2B43F98D001C92DD /* ModelComponents */ = {
			isa = PBXGroup;
			children = (
				C787669F2B43F9AD001C92DD /* User */,
				C787669E2B43F9A9001C92DD /* Store */,
				C787669D2B43F9A4001C92DD /* Review */,
				C787669C2B43F99E001C92DD /* Item */,
				C787669B2B43F999001C92DD /* Challenge */,
			);
			path = ModelComponents;
			sourceTree = "<group>";
		};
		C787669B2B43F999001C92DD /* Challenge */ = {
			isa = PBXGroup;
			children = (
			);
			path = Challenge;
			sourceTree = "<group>";
		};
		C787669C2B43F99E001C92DD /* Item */ = {
			isa = PBXGroup;
			children = (
				C78766A02B43FC53001C92DD /* FixedItemCard.swift */,
				C78766A42B4401DB001C92DD /* ItemCard.swift */,
				C78766A62B4402E1001C92DD /* FixedStoreItemCard.swift */,
				C78766A82B440416001C92DD /* ItemList.swift */,
				C78766AA2B4419FE001C92DD /* StoreItemList.swift */,
				C78766AC2B441A75001C92DD /* HorizontalItemList.swift */,
			);
			path = Item;
			sourceTree = "<group>";
		};
		C787669D2B43F9A4001C92DD /* Review */ = {
			isa = PBXGroup;
			children = (
				C78766BA2B446EB7001C92DD /* ReviewItem.swift */,
				C78766BC2B44702C001C92DD /* StoreReviewItem.swift */,
				C78766BE2B44709C001C92DD /* ReviewList.swift */,
				C78766C02B447129001C92DD /* StoreReviewList.swift */,
			);
			path = Review;
			sourceTree = "<group>";
		};
		C787669E2B43F9A9001C92DD /* Store */ = {
			isa = PBXGroup;
			children = (
				C78766B02B442097001C92DD /* FixedStoreCard.swift */,
				C78766B22B442196001C92DD /* HorizontalStoreCard.swift */,
				C78766B42B44223F001C92DD /* StoreCard.swift */,
				C78766B62B442349001C92DD /* StoreList.swift */,
				C78766B82B4423E7001C92DD /* HorizontalStoreList.swift */,
			);
			path = Store;
			sourceTree = "<group>";
		};
		C787669F2B43F9AD001C92DD /* User */ = {
			isa = PBXGroup;
			children = (
				C78766A22B43FD7A001C92DD /* UserHorizontal.swift */,
				C78766AE2B441C59001C92DD /* HorizontalUserCard.swift */,
			);
			path = User;
			sourceTree = "<group>";
		};
		C78766C22B447355001C92DD /* Home */ = {
			isa = PBXGroup;
			children = (
				C78766C72B44740D001C92DD /* Components */,
				C78766C32B447360001C92DD /* IosHomeViewModel.swift */,
				C78766C52B447380001C92DD /* HomeScreen.swift */,
				C79135D32B45C86200B4276F /* IosHomeState.swift */,
				C79135D52B45C8A900B4276F /* IosHomeEvent.swift */,
			);
			path = Home;
			sourceTree = "<group>";
		};
		C78766C72B44740D001C92DD /* Components */ = {
			isa = PBXGroup;
			children = (
				C79135C92B457F3800B4276F /* HomeHeader.swift */,
				C78766CA2B447586001C92DD /* CategoryItem.swift */,
				C78766CF2B447789001C92DD /* CategorySection.swift */,
				C79135CF2B45BE4700B4276F /* StoreSection.swift */,
				C79135D12B45C1D800B4276F /* ItemSection.swift */,
			);
			path = Components;
			sourceTree = "<group>";
		};
		C78766CC2B4475FF001C92DD /* Utils */ = {
			isa = PBXGroup;
			children = (
				C78766CD2B44760A001C92DD /* ItemCategoryExtension.swift */,
				C74FDA692B480744001D732A /* RoundedCorner.swift */,
			);
			path = Utils;
			sourceTree = "<group>";
		};
		C78766D12B4479E8001C92DD /* Wrapping */ = {
			isa = PBXGroup;
			children = (
				C78766D22B4479F1001C92DD /* WrappingHStack.swift */,
			);
			path = Wrapping;
			sourceTree = "<group>";
		};
/* End PBXGroup section */

/* Begin PBXNativeTarget section */
		7555FF7A242A565900829871 /* EcoSwapiOS */ = {
			isa = PBXNativeTarget;
			buildConfigurationList = 7555FFA5242A565B00829871 /* Build configuration list for PBXNativeTarget "EcoSwapiOS" */;
			buildPhases = (
				7555FFB5242A651A00829871 /* ShellScript */,
				7555FF77242A565900829871 /* Sources */,
				7555FF78242A565900829871 /* Frameworks */,
				7555FF79242A565900829871 /* Resources */,
				7555FFB4242A642300829871 /* Embed Frameworks */,
			);
			buildRules = (
			);
			dependencies = (
			);
			name = EcoSwapiOS;
			productName = EcoSwapiOS;
			productReference = 7555FF7B242A565900829871 /* EcoSwapiOS.app */;
			productType = "com.apple.product-type.application";
		};
/* End PBXNativeTarget section */

/* Begin PBXProject section */
		7555FF73242A565900829871 /* Project object */ = {
			isa = PBXProject;
			attributes = {
				LastSwiftUpdateCheck = 1130;
				LastUpgradeCheck = 1130;
				ORGANIZATIONNAME = orgName;
				TargetAttributes = {
					7555FF7A242A565900829871 = {
						CreatedOnToolsVersion = 11.3.1;
					};
				};
			};
			buildConfigurationList = 7555FF76242A565900829871 /* Build configuration list for PBXProject "EcoSwapiOS" */;
			compatibilityVersion = "Xcode 9.3";
			developmentRegion = en;
			hasScannedForEncodings = 0;
			knownRegions = (
				en,
				Base,
			);
			mainGroup = 7555FF72242A565900829871;
			productRefGroup = 7555FF7C242A565900829871 /* Products */;
			projectDirPath = "";
			projectRoot = "";
			targets = (
				7555FF7A242A565900829871 /* EcoSwapiOS */,
			);
		};
/* End PBXProject section */

/* Begin PBXResourcesBuildPhase section */
		7555FF79242A565900829871 /* Resources */ = {
			isa = PBXResourcesBuildPhase;
			buildActionMask = 2147483647;
			files = (
				058557D9273AAEEB004C7B11 /* Preview Assets.xcassets in Resources */,
				C708D0C52AC3E22E00ECE707 /* sf_pro_display_bold.ttf in Resources */,
				C708D0C42AC3E22E00ECE707 /* sf_pro_display_medium.ttf in Resources */,
				C708D0C62AC3E22E00ECE707 /* sf_pro_display_reg.ttf in Resources */,
				058557BB273AAA24004C7B11 /* Assets.xcassets in Resources */,
			);
			runOnlyForDeploymentPostprocessing = 0;
		};
/* End PBXResourcesBuildPhase section */

/* Begin PBXShellScriptBuildPhase section */
		7555FFB5242A651A00829871 /* ShellScript */ = {
			isa = PBXShellScriptBuildPhase;
			buildActionMask = 2147483647;
			files = (
			);
			inputFileListPaths = (
			);
			inputPaths = (
			);
			outputFileListPaths = (
			);
			outputPaths = (
			);
			runOnlyForDeploymentPostprocessing = 0;
			shellPath = /bin/sh;
			shellScript = "cd \"$SRCROOT/..\"\n./gradlew :shared:embedAndSignAppleFrameworkForXcode\n";
		};
/* End PBXShellScriptBuildPhase section */

/* Begin PBXSourcesBuildPhase section */
		7555FF77242A565900829871 /* Sources */ = {
			isa = PBXSourcesBuildPhase;
			buildActionMask = 2147483647;
			files = (
				C78766AD2B441A75001C92DD /* HorizontalItemList.swift in Sources */,
				C78766B32B442196001C92DD /* HorizontalStoreCard.swift in Sources */,
				C708D0CA2AC3E3D500ECE707 /* ColorExtension.swift in Sources */,
				C7373D782B43BD6F009D9519 /* IosRegisterViewModel.swift in Sources */,
				C7677A032B3EC2A600B51EFE /* DistanceLabel.swift in Sources */,
				C78766B92B4423E7001C92DD /* HorizontalStoreList.swift in Sources */,
				C74FDA7A2B481186001D732A /* DetailStoreProductCard.swift in Sources */,
				C75F85CB2B3DE87B005943A5 /* CarbonLocalModule.swift in Sources */,
				C75F85D92B3DECDB005943A5 /* MessageLocalModule.swift in Sources */,
				C79135D62B45C8A900B4276F /* IosHomeEvent.swift in Sources */,
				C78766A32B43FD7A001C92DD /* UserHorizontal.swift in Sources */,
				C78766D32B4479F1001C92DD /* WrappingHStack.swift in Sources */,
				C78766C12B447129001C92DD /* StoreReviewList.swift in Sources */,
				C74FDA732B481079001D732A /* IosStoreItemDetailViewModel.swift in Sources */,
				C76779F72B3EBBCC00B51EFE /* CircleButton.swift in Sources */,
				C79135D42B45C86200B4276F /* IosHomeState.swift in Sources */,
				C74FDA572B47F096001D732A /* SearchHeader.swift in Sources */,
				C78766BD2B44702C001C92DD /* StoreReviewItem.swift in Sources */,
				C78766CB2B447586001C92DD /* CategoryItem.swift in Sources */,
				C75F85B62B3DE4CB005943A5 /* TopLevelDestination.swift in Sources */,
				C75F85AC2B3DE3EA005943A5 /* DependencyInjector.swift in Sources */,
				2152FB042600AC8F00CF470E /* iOSApp.swift in Sources */,
				C78766A52B4401DB001C92DD /* ItemCard.swift in Sources */,
				C7677A052B3EC47100B51EFE /* DefaultTextField.swift in Sources */,
				C75F85E12B3DED0C005943A5 /* ReviewNetworkModule.swift in Sources */,
				C7373D7A2B43BD8A009D9519 /* RegisterScreen.swift in Sources */,
				C76779FF2B3EBF8D00B51EFE /* PageIndicator.swift in Sources */,
				C74DE17E2B427ADE00E2EBB3 /* BoardingSection.swift in Sources */,
				C75F85ED2B3DED54005943A5 /* UserNetworkModule.swift in Sources */,
				C75F85E52B3DED1E005943A5 /* ReviewUseCasesModule.swift in Sources */,
				C75F85B22B3DE432005943A5 /* IosTokenPreferences.swift in Sources */,
				C76779FD2B3EBEFD00B51EFE /* SettingHeader.swift in Sources */,
				C78766A92B440416001C92DD /* ItemList.swift in Sources */,
				C78766BB2B446EB7001C92DD /* ReviewItem.swift in Sources */,
				C78766C42B447360001C92DD /* IosHomeViewModel.swift in Sources */,
				C78766BF2B44709C001C92DD /* ReviewList.swift in Sources */,
				C7677A092B3EC97900B51EFE /* MultilineTextField.swift in Sources */,
				C74FDA712B48106D001D732A /* StoreItemDetailScreen.swift in Sources */,
				C76779F92B3EBD1E00B51EFE /* DefaultHeader.swift in Sources */,
				C78766B12B442097001C92DD /* FixedStoreCard.swift in Sources */,
				C74FDA662B480507001D732A /* ItemInformationSection.swift in Sources */,
				C75F85EF2B3DED60005943A5 /* UserRepositoryModule.swift in Sources */,
				C78766CE2B44760A001C92DD /* ItemCategoryExtension.swift in Sources */,
				C74FDA6E2B480B63001D732A /* NavigationButtonFill.swift in Sources */,
				C74DE1792B427A1600E2EBB3 /* IosBoardingViewModel.swift in Sources */,
				C708D0CC2AC3E50100ECE707 /* FontExtension.swift in Sources */,
				C75F85C72B3DE811005943A5 /* AuthRepositoryModule.swift in Sources */,
				C74FDA682B480618001D732A /* DetailProductCard.swift in Sources */,
				C7373D742B43B990009D9519 /* IosLoginViewModel.swift in Sources */,
				C74FDA552B47F031001D732A /* IosSearchEvent.swift in Sources */,
				C79135CE2B45940100B4276F /* HorizontalStorePlaceholder.swift in Sources */,
				C7373D762B43B9C5009D9519 /* LoginScreen.swift in Sources */,
				C76779EF2B3EB7F300B51EFE /* ButtonOutlined.swift in Sources */,
				C75F85E32B3DED15005943A5 /* ReviewRepositoryModule.swift in Sources */,
				C78766D02B447789001C92DD /* CategorySection.swift in Sources */,
				7555FF83242A565900829871 /* ContentView.swift in Sources */,
				C7677A012B3EC11000B51EFE /* DefaultTag.swift in Sources */,
				C75F85E92B3DED41005943A5 /* StoreRepositoryModule.swift in Sources */,
				C78766AF2B441C59001C92DD /* HorizontalUserCard.swift in Sources */,
				C75F85DB2B3DECE2005943A5 /* MessageNetworkModule.swift in Sources */,
				C78766AB2B4419FE001C92DD /* StoreItemList.swift in Sources */,
				C76779ED2B3EB46000B51EFE /* ButtonFill.swift in Sources */,
				C75F85DF2B3DECFE005943A5 /* MessageUseCasesModule.swift in Sources */,
				C74FDA782B481121001D732A /* StoreItemInformationSection.swift in Sources */,
				C75F85CD2B3DE8CD005943A5 /* CarbonNetworkModule.swift in Sources */,
				C79135CA2B457F3800B4276F /* HomeHeader.swift in Sources */,
				C74FDA5F2B47FF9D001D732A /* ItemDetailScreen.swift in Sources */,
				C79135CC2B45922200B4276F /* HorizontalItemPlaceholder.swift in Sources */,
				C75F85AE2B3DE3FB005943A5 /* KeychainSwift.swift in Sources */,
				C74FDA512B47EF3A001D732A /* SearchScreen.swift in Sources */,
				C75F85F12B3DED6B005943A5 /* UserUseCasesModule.swift in Sources */,
				C75F85C52B3DE7E5005943A5 /* AuthNetworkModule.swift in Sources */,
				C78766B72B442349001C92DD /* StoreList.swift in Sources */,
				C74DE17B2B427A2F00E2EBB3 /* BoardingScreen.swift in Sources */,
				C74FDA532B47EF42001D732A /* IosSearchViewModel.swift in Sources */,
				C78766A72B4402E1001C92DD /* FixedStoreItemCard.swift in Sources */,
				C76779FB2B3EBE3700B51EFE /* SectionHeader.swift in Sources */,
				C74FDA7C2B481217001D732A /* StoreProductDetailSection.swift in Sources */,
				C74FDA6C2B480990001D732A /* ProductDetailSection.swift in Sources */,
				C79135D02B45BE4700B4276F /* StoreSection.swift in Sources */,
				C78766B52B44223F001C92DD /* StoreCard.swift in Sources */,
				C74FDA642B4800F5001D732A /* ItemDetailTopSection.swift in Sources */,
				C75F85D12B3DE945005943A5 /* CarbonUseCasesModule.swift in Sources */,
				C74FDA6A2B480744001D732A /* RoundedCorner.swift in Sources */,
				C75F85EB2B3DED49005943A5 /* StoreUseCasesModule.swift in Sources */,
				C76779F52B3EB98A00B51EFE /* ButtonSize.swift in Sources */,
				C78766A12B43FC53001C92DD /* FixedItemCard.swift in Sources */,
				C74FDA612B47FFA7001D732A /* IosItemDetailViewModel.swift in Sources */,
				C75F85CF2B3DE906005943A5 /* CarbonRepositoryModule.swift in Sources */,
				C75F85BA2B3DE61F005943A5 /* AppModule.swift in Sources */,
				C75F85E72B3DED33005943A5 /* StoreNetworkModule.swift in Sources */,
				C74DE1802B42801400E2EBB3 /* BoardingPageTab.swift in Sources */,
				C75F85D32B3DE9E4005943A5 /* ItemNetworkModule.swift in Sources */,
				C79135D22B45C1D800B4276F /* ItemSection.swift in Sources */,
				C75F85D52B3DEA29005943A5 /* ItemRepositoryModule.swift in Sources */,
				C75F85DD2B3DECF7005943A5 /* MessageRepositoryModule.swift in Sources */,
				C78766C62B447380001C92DD /* HomeScreen.swift in Sources */,
				C75F85D72B3DEA4F005943A5 /* ItemUseCases.swift in Sources */,
				C74FDA5C2B47F3AA001D732A /* TabButton.swift in Sources */,
				C7677A072B3EC76900B51EFE /* PasswordTextField.swift in Sources */,
				C75F85C92B3DE82A005943A5 /* AuthUseCasesModule.swift in Sources */,
			);
			runOnlyForDeploymentPostprocessing = 0;
		};
/* End PBXSourcesBuildPhase section */

/* Begin XCBuildConfiguration section */
		7555FFA3242A565B00829871 /* Debug */ = {
			isa = XCBuildConfiguration;
			buildSettings = {
				ALWAYS_SEARCH_USER_PATHS = NO;
				CLANG_ANALYZER_NONNULL = YES;
				CLANG_ANALYZER_NUMBER_OBJECT_CONVERSION = YES_AGGRESSIVE;
				CLANG_CXX_LANGUAGE_STANDARD = "gnu++14";
				CLANG_CXX_LIBRARY = "libc++";
				CLANG_ENABLE_MODULES = YES;
				CLANG_ENABLE_OBJC_ARC = YES;
				CLANG_ENABLE_OBJC_WEAK = YES;
				CLANG_WARN_BLOCK_CAPTURE_AUTORELEASING = YES;
				CLANG_WARN_BOOL_CONVERSION = YES;
				CLANG_WARN_COMMA = YES;
				CLANG_WARN_CONSTANT_CONVERSION = YES;
				CLANG_WARN_DEPRECATED_OBJC_IMPLEMENTATIONS = YES;
				CLANG_WARN_DIRECT_OBJC_ISA_USAGE = YES_ERROR;
				CLANG_WARN_DOCUMENTATION_COMMENTS = YES;
				CLANG_WARN_EMPTY_BODY = YES;
				CLANG_WARN_ENUM_CONVERSION = YES;
				CLANG_WARN_INFINITE_RECURSION = YES;
				CLANG_WARN_INT_CONVERSION = YES;
				CLANG_WARN_NON_LITERAL_NULL_CONVERSION = YES;
				CLANG_WARN_OBJC_IMPLICIT_RETAIN_SELF = YES;
				CLANG_WARN_OBJC_LITERAL_CONVERSION = YES;
				CLANG_WARN_OBJC_ROOT_CLASS = YES_ERROR;
				CLANG_WARN_QUOTED_INCLUDE_IN_FRAMEWORK_HEADER = YES;
				CLANG_WARN_RANGE_LOOP_ANALYSIS = YES;
				CLANG_WARN_STRICT_PROTOTYPES = YES;
				CLANG_WARN_SUSPICIOUS_MOVE = YES;
				CLANG_WARN_UNGUARDED_AVAILABILITY = YES_AGGRESSIVE;
				CLANG_WARN_UNREACHABLE_CODE = YES;
				CLANG_WARN__DUPLICATE_METHOD_MATCH = YES;
				COPY_PHASE_STRIP = NO;
				DEBUG_INFORMATION_FORMAT = "dwarf-with-dsym";
				ENABLE_STRICT_OBJC_MSGSEND = YES;
				ENABLE_TESTABILITY = YES;
				EXCLUDED_ARCHS = "";
				GCC_C_LANGUAGE_STANDARD = gnu11;
				GCC_DYNAMIC_NO_PIC = NO;
				GCC_NO_COMMON_BLOCKS = YES;
				GCC_OPTIMIZATION_LEVEL = 0;
				GCC_PREPROCESSOR_DEFINITIONS = (
					"DEBUG=1",
					"$(inherited)",
				);
				GCC_WARN_64_TO_32_BIT_CONVERSION = YES;
				GCC_WARN_ABOUT_RETURN_TYPE = YES_ERROR;
				GCC_WARN_UNDECLARED_SELECTOR = YES;
				GCC_WARN_UNINITIALIZED_AUTOS = YES_AGGRESSIVE;
				GCC_WARN_UNUSED_FUNCTION = YES;
				GCC_WARN_UNUSED_VARIABLE = YES;
				IPHONEOS_DEPLOYMENT_TARGET = 16.0;
				MTL_ENABLE_DEBUG_INFO = INCLUDE_SOURCE;
				MTL_FAST_MATH = YES;
				ONLY_ACTIVE_ARCH = YES;
				SDKROOT = iphoneos;
				SWIFT_ACTIVE_COMPILATION_CONDITIONS = DEBUG;
				SWIFT_OPTIMIZATION_LEVEL = "-Onone";
			};
			name = Debug;
		};
		7555FFA4242A565B00829871 /* Release */ = {
			isa = XCBuildConfiguration;
			buildSettings = {
				ALWAYS_SEARCH_USER_PATHS = NO;
				CLANG_ANALYZER_NONNULL = YES;
				CLANG_ANALYZER_NUMBER_OBJECT_CONVERSION = YES_AGGRESSIVE;
				CLANG_CXX_LANGUAGE_STANDARD = "gnu++14";
				CLANG_CXX_LIBRARY = "libc++";
				CLANG_ENABLE_MODULES = YES;
				CLANG_ENABLE_OBJC_ARC = YES;
				CLANG_ENABLE_OBJC_WEAK = YES;
				CLANG_WARN_BLOCK_CAPTURE_AUTORELEASING = YES;
				CLANG_WARN_BOOL_CONVERSION = YES;
				CLANG_WARN_COMMA = YES;
				CLANG_WARN_CONSTANT_CONVERSION = YES;
				CLANG_WARN_DEPRECATED_OBJC_IMPLEMENTATIONS = YES;
				CLANG_WARN_DIRECT_OBJC_ISA_USAGE = YES_ERROR;
				CLANG_WARN_DOCUMENTATION_COMMENTS = YES;
				CLANG_WARN_EMPTY_BODY = YES;
				CLANG_WARN_ENUM_CONVERSION = YES;
				CLANG_WARN_INFINITE_RECURSION = YES;
				CLANG_WARN_INT_CONVERSION = YES;
				CLANG_WARN_NON_LITERAL_NULL_CONVERSION = YES;
				CLANG_WARN_OBJC_IMPLICIT_RETAIN_SELF = YES;
				CLANG_WARN_OBJC_LITERAL_CONVERSION = YES;
				CLANG_WARN_OBJC_ROOT_CLASS = YES_ERROR;
				CLANG_WARN_QUOTED_INCLUDE_IN_FRAMEWORK_HEADER = YES;
				CLANG_WARN_RANGE_LOOP_ANALYSIS = YES;
				CLANG_WARN_STRICT_PROTOTYPES = YES;
				CLANG_WARN_SUSPICIOUS_MOVE = YES;
				CLANG_WARN_UNGUARDED_AVAILABILITY = YES_AGGRESSIVE;
				CLANG_WARN_UNREACHABLE_CODE = YES;
				CLANG_WARN__DUPLICATE_METHOD_MATCH = YES;
				COPY_PHASE_STRIP = NO;
				DEBUG_INFORMATION_FORMAT = "dwarf-with-dsym";
				ENABLE_NS_ASSERTIONS = NO;
				ENABLE_STRICT_OBJC_MSGSEND = YES;
				EXCLUDED_ARCHS = "";
				GCC_C_LANGUAGE_STANDARD = gnu11;
				GCC_NO_COMMON_BLOCKS = YES;
				GCC_WARN_64_TO_32_BIT_CONVERSION = YES;
				GCC_WARN_ABOUT_RETURN_TYPE = YES_ERROR;
				GCC_WARN_UNDECLARED_SELECTOR = YES;
				GCC_WARN_UNINITIALIZED_AUTOS = YES_AGGRESSIVE;
				GCC_WARN_UNUSED_FUNCTION = YES;
				GCC_WARN_UNUSED_VARIABLE = YES;
				IPHONEOS_DEPLOYMENT_TARGET = 16.0;
				MTL_ENABLE_DEBUG_INFO = NO;
				MTL_FAST_MATH = YES;
				SDKROOT = iphoneos;
				SWIFT_COMPILATION_MODE = wholemodule;
				SWIFT_OPTIMIZATION_LEVEL = "-O";
				VALIDATE_PRODUCT = YES;
			};
			name = Release;
		};
		7555FFA6242A565B00829871 /* Debug */ = {
			isa = XCBuildConfiguration;
			buildSettings = {
				ASSETCATALOG_COMPILER_APPICON_NAME = AppIcon;
				CODE_SIGN_STYLE = Automatic;
				DEVELOPMENT_ASSET_PATHS = "\"EcoSwapiOS/Preview Content\"";
				ENABLE_PREVIEWS = YES;
				EXCLUDED_ARCHS = "";
				FRAMEWORK_SEARCH_PATHS = (
					"$(inherited)",
					"$(SRCROOT)/../shared/build/xcode-frameworks/$(CONFIGURATION)/$(SDK_NAME)",
				);
				INFOPLIST_FILE = EcoSwapiOS/Info.plist;
				IPHONEOS_DEPLOYMENT_TARGET = 16.0;
				LD_RUNPATH_SEARCH_PATHS = (
					"$(inherited)",
					"@executable_path/Frameworks",
				);
				OTHER_LDFLAGS = (
					"$(inherited)",
					"-framework",
					shared,
				);
				PRODUCT_BUNDLE_IDENTIFIER = orgIdentifier.EcoSwapiOS;
				PRODUCT_NAME = "$(TARGET_NAME)";
				SWIFT_VERSION = 5.0;
				TARGETED_DEVICE_FAMILY = "1,2";
			};
			name = Debug;
		};
		7555FFA7242A565B00829871 /* Release */ = {
			isa = XCBuildConfiguration;
			buildSettings = {
				ASSETCATALOG_COMPILER_APPICON_NAME = AppIcon;
				CODE_SIGN_STYLE = Automatic;
				DEVELOPMENT_ASSET_PATHS = "\"EcoSwapiOS/Preview Content\"";
				ENABLE_PREVIEWS = YES;
				EXCLUDED_ARCHS = "";
				FRAMEWORK_SEARCH_PATHS = (
					"$(inherited)",
					"$(SRCROOT)/../shared/build/xcode-frameworks/$(CONFIGURATION)/$(SDK_NAME)",
				);
				INFOPLIST_FILE = EcoSwapiOS/Info.plist;
				IPHONEOS_DEPLOYMENT_TARGET = 16.0;
				LD_RUNPATH_SEARCH_PATHS = (
					"$(inherited)",
					"@executable_path/Frameworks",
				);
				OTHER_LDFLAGS = (
					"$(inherited)",
					"-framework",
					shared,
				);
				PRODUCT_BUNDLE_IDENTIFIER = orgIdentifier.EcoSwapiOS;
				PRODUCT_NAME = "$(TARGET_NAME)";
				SWIFT_VERSION = 5.0;
				TARGETED_DEVICE_FAMILY = "1,2";
			};
			name = Release;
		};
/* End XCBuildConfiguration section */

/* Begin XCConfigurationList section */
		7555FF76242A565900829871 /* Build configuration list for PBXProject "EcoSwapiOS" */ = {
			isa = XCConfigurationList;
			buildConfigurations = (
				7555FFA3242A565B00829871 /* Debug */,
				7555FFA4242A565B00829871 /* Release */,
			);
			defaultConfigurationIsVisible = 0;
			defaultConfigurationName = Release;
		};
		7555FFA5242A565B00829871 /* Build configuration list for PBXNativeTarget "EcoSwapiOS" */ = {
			isa = XCConfigurationList;
			buildConfigurations = (
				7555FFA6242A565B00829871 /* Debug */,
				7555FFA7242A565B00829871 /* Release */,
			);
			defaultConfigurationIsVisible = 0;
			defaultConfigurationName = Release;
		};
/* End XCConfigurationList section */
	};
	rootObject = 7555FF73242A565900829871 /* Project object */;
}
